
Microsoft Visual Studio Solution File, Format Version 12.00
# Visual Studio Version 16
VisualStudioVersion = 16.0.29009.5
MinimumVisualStudioVersion = 10.0.40219.1
Project("{FAE04EC0-301F-11D3-BF4B-00C04F79EFBC}") = "ClientRest", "ClientRest\ClientRest.csproj", "{6E29F5A9-BE73-4E11-83ED-5E19B176BA6C}"
EndProject
Global
	GlobalSection(SolutionConfigurationPlatforms) = preSolution
		Debug|Any CPU = Debug|Any CPU
		Release|Any CPU = Release|Any CPU
	EndGlobalSection
	GlobalSection(ProjectConfigurationPlatforms) = postSolution
		{6E29F5A9-BE73-4E11-83ED-5E19B176BA6C}.Debug|Any CPU.ActiveCfg = Debug|Any CPU
		{6E29F5A9-BE73-4E11-83ED-5E19B176BA6C}.Debug|Any CPU.Build.0 = Debug|Any CPU
		{6E29F5A9-BE73-4E11-83ED-5E19B176BA6C}.Release|Any CPU.ActiveCfg = Release|Any CPU
		{6E29F5A9-BE73-4E11-83ED-5E19B176BA6C}.Release|Any CPU.Build.0 = Release|Any CPU
	EndGlobalSection
	GlobalSection(SolutionProperties) = preSolution
		HideSolutionNode = FALSE
	EndGlobalSection
	GlobalSection(ExtensibilityGlobals) = postSolution
		SolutionGuid = {C4963AD9-4C94-4D10-98C5-74700BC037C3}
	EndGlobalSection
EndGlobal
